
Microsoft Visual Studio Solution File, Format Version 12.00
# Visual Studio Version 16
VisualStudioVersion = 16.0.30717.126
MinimumVisualStudioVersion = 10.0.40219.1
Project("{9A19103F-16F7-4668-BE54-9A1E7A4F7556}") = "BowlingScoreTests", ".\BowlingScoreTests\BowlingScoreTests.csproj", "{18107938-AD36-4B91-899D-1BBAB8908578}"
EndProject
Project("{FAE04EC0-301F-11D3-BF4B-00C04F79EFBC}") = "BowlingScore", ".\BowlingScore\BowlingScore.csproj", "{F4CE00A2-DC45-4152-8C9F-9CE8686E3945}"
EndProject
Global
	GlobalSection(SolutionConfigurationPlatforms) = preSolution
		Debug|Any CPU = Debug|Any CPU
		Release|Any CPU = Release|Any CPU
	EndGlobalSection
	GlobalSection(ProjectConfigurationPlatforms) = postSolution
		{18107938-AD36-4B91-899D-1BBAB8908578}.Debug|Any CPU.ActiveCfg = Debug|Any CPU
		{18107938-AD36-4B91-899D-1BBAB8908578}.Debug|Any CPU.Build.0 = Debug|Any CPU
		{18107938-AD36-4B91-899D-1BBAB8908578}.Release|Any CPU.ActiveCfg = Release|Any CPU
		{18107938-AD36-4B91-899D-1BBAB8908578}.Release|Any CPU.Build.0 = Release|Any CPU
		{F4CE00A2-DC45-4152-8C9F-9CE8686E3945}.Debug|Any CPU.ActiveCfg = Debug|Any CPU
		{F4CE00A2-DC45-4152-8C9F-9CE8686E3945}.Debug|Any CPU.Build.0 = Debug|Any CPU
		{F4CE00A2-DC45-4152-8C9F-9CE8686E3945}.Release|Any CPU.ActiveCfg = Release|Any CPU
		{F4CE00A2-DC45-4152-8C9F-9CE8686E3945}.Release|Any CPU.Build.0 = Release|Any CPU
	EndGlobalSection
	GlobalSection(SolutionProperties) = preSolution
		HideSolutionNode = FALSE
	EndGlobalSection
	GlobalSection(ExtensibilityGlobals) = postSolution
		SolutionGuid = {D4C11BBD-308C-4D5B-9C3C-1C9D2147E284}
	EndGlobalSection
EndGlobal
